// !$*UTF8*$!
{
	archiveVersion = 1;
	classes = {
	};
	objectVersion = 50;
	objects = {

/* Begin PBXBuildFile section */
		B552D6742272470A00FE22B7 /* AppDelegate.swift in Sources */ = {isa = PBXBuildFile; fileRef = B552D6732272470A00FE22B7 /* AppDelegate.swift */; };
		B552D6762272470A00FE22B7 /* art.scnassets in Resources */ = {isa = PBXBuildFile; fileRef = B552D6752272470A00FE22B7 /* art.scnassets */; };
		B552D6782272470A00FE22B7 /* ViewController.swift in Sources */ = {isa = PBXBuildFile; fileRef = B552D6772272470A00FE22B7 /* ViewController.swift */; };
		B552D67B2272470A00FE22B7 /* Main.storyboard in Resources */ = {isa = PBXBuildFile; fileRef = B552D6792272470A00FE22B7 /* Main.storyboard */; };
		B552D67D2272470E00FE22B7 /* Assets.xcassets in Resources */ = {isa = PBXBuildFile; fileRef = B552D67C2272470E00FE22B7 /* Assets.xcassets */; };
		B552D6802272470E00FE22B7 /* LaunchScreen.storyboard in Resources */ = {isa = PBXBuildFile; fileRef = B552D67E2272470E00FE22B7 /* LaunchScreen.storyboard */; };
		B552D6882272474F00FE22B7 /* harrypotter.mp4 in Resources */ = {isa = PBXBuildFile; fileRef = B552D6872272474F00FE22B7 /* harrypotter.mp4 */; };
/* End PBXBuildFile section */

/* Begin PBXFileReference section */
		B552D6702272470A00FE22B7 /* MagicPaper.app */ = {isa = PBXFileReference; explicitFileType = wrapper.application; includeInIndex = 0; path = MagicPaper.app; sourceTree = BUILT_PRODUCTS_DIR; };
		B552D6732272470A00FE22B7 /* AppDelegate.swift */ = {isa = PBXFileReference; lastKnownFileType = sourcecode.swift; path = AppDelegate.swift; sourceTree = "<group>"; };
		B552D6752272470A00FE22B7 /* art.scnassets */ = {isa = PBXFileReference; lastKnownFileType = wrapper.scnassets; path = art.scnassets; sourceTree = "<group>"; };
		B552D6772272470A00FE22B7 /* ViewController.swift */ = {isa = PBXFileReference; lastKnownFileType = sourcecode.swift; path = ViewController.swift; sourceTree = "<group>"; };
		B552D67A2272470A00FE22B7 /* Base */ = {isa = PBXFileReference; lastKnownFileType = file.storyboard; name = Base; path = Base.lproj/Main.storyboard; sourceTree = "<group>"; };
		B552D67C2272470E00FE22B7 /* Assets.xcassets */ = {isa = PBXFileReference; lastKnownFileType = folder.assetcatalog; path = Assets.xcassets; sourceTree = "<group>"; };
		B552D67F2272470E00FE22B7 /* Base */ = {isa = PBXFileReference; lastKnownFileType = file.storyboard; name = Base; path = Base.lproj/LaunchScreen.storyboard; sourceTree = "<group>"; };
		B552D6812272470E00FE22B7 /* Info.plist */ = {isa = PBXFileReference; lastKnownFileType = text.plist.xml; path = Info.plist; sourceTree = "<group>"; };
		B552D6872272474F00FE22B7 /* harrypotter.mp4 */ = {isa = PBXFileReference; lastKnownFileType = file; path = harrypotter.mp4; sourceTree = "<group>"; };
/* End PBXFileReference section */

/* Begin PBXFrameworksBuildPhase section */
		B552D66D2272470A00FE22B7 /* Frameworks */ = {
			isa = PBXFrameworksBuildPhase;
			buildActionMask = 2147483647;
			files = (
			);
			runOnlyForDeploymentPostprocessing = 0;
		};
/* End PBXFrameworksBuildPhase section */

/* Begin PBXGroup section */
		B552D6672272470A00FE22B7 = {
			isa = PBXGroup;
			children = (
				B552D6722272470A00FE22B7 /* MagicPaper */,
				B552D6712272470A00FE22B7 /* Products */,
			);
			sourceTree = "<group>";
		};
		B552D6712272470A00FE22B7 /* Products */ = {
			isa = PBXGroup;
			children = (
				B552D6702272470A00FE22B7 /* MagicPaper.app */,
			);
			name = Products;
			sourceTree = "<group>";
		};
		B552D6722272470A00FE22B7 /* MagicPaper */ = {
			isa = PBXGroup;
			children = (
				B552D6872272474F00FE22B7 /* harrypotter.mp4 */,
				B552D6732272470A00FE22B7 /* AppDelegate.swift */,
				B552D6752272470A00FE22B7 /* art.scnassets */,
				B552D6772272470A00FE22B7 /* ViewController.swift */,
				B552D6792272470A00FE22B7 /* Main.storyboard */,
				B552D67C2272470E00FE22B7 /* Assets.xcassets */,
				B552D67E2272470E00FE22B7 /* LaunchScreen.storyboard */,
				B552D6812272470E00FE22B7 /* Info.plist */,
			);
			path = MagicPaper;
			sourceTree = "<group>";
		};
/* End PBXGroup section */

/* Begin PBXNativeTarget section */
		B552D66F2272470A00FE22B7 /* MagicPaper */ = {
			isa = PBXNativeTarget;
			buildConfigurationList = B552D6842272470E00FE22B7 /* Build configuration list for PBXNativeTarget "MagicPaper" */;
			buildPhases = (
				B552D66C2272470A00FE22B7 /* Sources */,
				B552D66D2272470A00FE22B7 /* Frameworks */,
				B552D66E2272470A00FE22B7 /* Resources */,
			);
			buildRules = (
			);
			dependencies = (
			);
			name = MagicPaper;
			productName = MagicPaper;
			productReference = B552D6702272470A00FE22B7 /* MagicPaper.app */;
			productType = "com.apple.product-type.application";
		};
/* End PBXNativeTarget section */

/* Begin PBXProject section */
		B552D6682272470A00FE22B7 /* Project object */ = {
			isa = PBXProject;
			attributes = {
				LastSwiftUpdateCheck = 1020;
				LastUpgradeCheck = 1020;
				ORGANIZATIONNAME = Konstantin;
				TargetAttributes = {
					B552D66F2272470A00FE22B7 = {
						CreatedOnToolsVersion = 10.2.1;
					};
				};
			};
			buildConfigurationList = B552D66B2272470A00FE22B7 /* Build configuration list for PBXProject "MagicPaper" */;
			compatibilityVersion = "Xcode 9.3";
			developmentRegion = en;
			hasScannedForEncodings = 0;
			knownRegions = (
				en,
				Base,
			);
			mainGroup = B552D6672272470A00FE22B7;
			productRefGroup = B552D6712272470A00FE22B7 /* Products */;
			projectDirPath = "";
			projectRoot = "";
			targets = (
				B552D66F2272470A00FE22B7 /* MagicPaper */,
			);
		};
/* End PBXProject section */

/* Begin PBXResourcesBuildPhase section */
		B552D66E2272470A00FE22B7 /* Resources */ = {
			isa = PBXResourcesBuildPhase;
			buildActionMask = 2147483647;
			files = (
				B552D6762272470A00FE22B7 /* art.scnassets in Resources */,
				B552D6802272470E00FE22B7 /* LaunchScreen.storyboard in Resources */,
				B552D6882272474F00FE22B7 /* harrypotter.mp4 in Resources */,
				B552D67D2272470E00FE22B7 /* Assets.xcassets in Resources */,
				B552D67B2272470A00FE22B7 /* Main.storyboard in Resources */,
			);
			runOnlyForDeploymentPostprocessing = 0;
		};
/* End PBXResourcesBuildPhase section */

/* Begin PBXSourcesBuildPhase section */
		B552D66C2272470A00FE22B7 /* Sources */ = {
			isa = PBXSourcesBuildPhase;
			buildActionMask = 2147483647;
			files = (
				B552D6782272470A00FE22B7 /* ViewController.swift in Sources */,
				B552D6742272470A00FE22B7 /* AppDelegate.swift in Sources */,
			);
			runOnlyForDeploymentPostprocessing = 0;
		};
/* End PBXSourcesBuildPhase section */

/* Begin PBXVariantGroup section */
		B552D6792272470A00FE22B7 /* Main.storyboard */ = {
			isa = PBXVariantGroup;
			children = (
				B552D67A2272470A00FE22B7 /* Base */,
			);
			name = Main.storyboard;
			sourceTree = "<group>";
		};
		B552D67E2272470E00FE22B7 /* LaunchScreen.storyboard */ = {
			isa = PBXVariantGroup;
			children = (
				B552D67F2272470E00FE22B7 /* Base */,
			);
			name = LaunchScreen.storyboard;
			sourceTree = "<group>";
		};
/* End PBXVariantGroup section */

/* Begin XCBuildConfiguration section */
		B552D6822272470E00FE22B7 /* Debug */ = {
			isa = XCBuildConfiguration;
			buildSettings = {
				ALWAYS_SEARCH_USER_PATHS = NO;
				CLANG_ANALYZER_NONNULL = YES;
				CLANG_ANALYZER_NUMBER_OBJECT_CONVERSION = YES_AGGRESSIVE;
				CLANG_CXX_LANGUAGE_STANDARD = "gnu++14";
				CLANG_CXX_LIBRARY = "libc++";
				CLANG_ENABLE_MODULES = YES;
				CLANG_ENABLE_OBJC_ARC = YES;
				CLANG_ENABLE_OBJC_WEAK = YES;
				CLANG_WARN_BLOCK_CAPTURE_AUTORELEASING = YES;
				CLANG_WARN_BOOL_CONVERSION = YES;
				CLANG_WARN_COMMA = YES;
				CLANG_WARN_CONSTANT_CONVERSION = YES;
				CLANG_WARN_DEPRECATED_OBJC_IMPLEMENTATIONS = YES;
				CLANG_WARN_DIRECT_OBJC_ISA_USAGE = YES_ERROR;
				CLANG_WARN_DOCUMENTATION_COMMENTS = YES;
				CLANG_WARN_EMPTY_BODY = YES;
				CLANG_WARN_ENUM_CONVERSION = YES;
				CLANG_WARN_INFINITE_RECURSION = YES;
				CLANG_WARN_INT_CONVERSION = YES;
				CLANG_WARN_NON_LITERAL_NULL_CONVERSION = YES;
				CLANG_WARN_OBJC_IMPLICIT_RETAIN_SELF = YES;
				CLANG_WARN_OBJC_LITERAL_CONVERSION = YES;
				CLANG_WARN_OBJC_ROOT_CLASS = YES_ERROR;
				CLANG_WARN_RANGE_LOOP_ANALYSIS = YES;
				CLANG_WARN_STRICT_PROTOTYPES = YES;
				CLANG_WARN_SUSPICIOUS_MOVE = YES;
				CLANG_WARN_UNGUARDED_AVAILABILITY = YES_AGGRESSIVE;
				CLANG_WARN_UNREACHABLE_CODE = YES;
				CLANG_WARN__DUPLICATE_METHOD_MATCH = YES;
				CODE_SIGN_IDENTITY = "iPhone Developer";
				COPY_PHASE_STRIP = NO;
				DEBUG_INFORMATION_FORMAT = dwarf;
				ENABLE_STRICT_OBJC_MSGSEND = YES;
				ENABLE_TESTABILITY = YES;
				GCC_C_LANGUAGE_STANDARD = gnu11;
				GCC_DYNAMIC_NO_PIC = NO;
				GCC_NO_COMMON_BLOCKS = YES;
				GCC_OPTIMIZATION_LEVEL = 0;
				GCC_PREPROCESSOR_DEFINITIONS = (
					"DEBUG=1",
					"$(inherited)",
				);
				GCC_WARN_64_TO_32_BIT_CONVERSION = YES;
				GCC_WARN_ABOUT_RETURN_TYPE = YES_ERROR;
				GCC_WARN_UNDECLARED_SELECTOR = YES;
				GCC_WARN_UNINITIALIZED_AUTOS = YES_AGGRESSIVE;
				GCC_WARN_UNUSED_FUNCTION = YES;
				GCC_WARN_UNUSED_VARIABLE = YES;
				IPHONEOS_DEPLOYMENT_TARGET = 12.2;
				MTL_ENABLE_DEBUG_INFO = INCLUDE_SOURCE;
				MTL_FAST_MATH = YES;
				ONLY_ACTIVE_ARCH = YES;
				SDKROOT = iphoneos;
				SWIFT_ACTIVE_COMPILATION_CONDITIONS = DEBUG;
				SWIFT_OPTIMIZATION_LEVEL = "-Onone";
			};
			name = Debug;
		};
		B552D6832272470E00FE22B7 /* Release */ = {
			isa = XCBuildConfiguration;
			buildSettings = {
				ALWAYS_SEARCH_USER_PATHS = NO;
				CLANG_ANALYZER_NONNULL = YES;
				CLANG_ANALYZER_NUMBER_OBJECT_CONVERSION = YES_AGGRESSIVE;
				CLANG_CXX_LANGUAGE_STANDARD = "gnu++14";
				CLANG_CXX_LIBRARY = "libc++";
				CLANG_ENABLE_MODULES = YES;
				CLANG_ENABLE_OBJC_ARC = YES;
				CLANG_ENABLE_OBJC_WEAK = YES;
				CLANG_WARN_BLOCK_CAPTURE_AUTORELEASING = YES;
				CLANG_WARN_BOOL_CONVERSION = YES;
				CLANG_WARN_COMMA = YES;
				CLANG_WARN_CONSTANT_CONVERSION = YES;
				CLANG_WARN_DEPRECATED_OBJC_IMPLEMENTATIONS = YES;
				CLANG_WARN_DIRECT_OBJC_ISA_USAGE = YES_ERROR;
				CLANG_WARN_DOCUMENTATION_COMMENTS = YES;
				CLANG_WARN_EMPTY_BODY = YES;
				CLANG_WARN_ENUM_CONVERSION = YES;
				CLANG_WARN_INFINITE_RECURSION = YES;
				CLANG_WARN_INT_CONVERSION = YES;
				CLANG_WARN_NON_LITERAL_NULL_CONVERSION = YES;
				CLANG_WARN_OBJC_IMPLICIT_RETAIN_SELF = YES;
				CLANG_WARN_OBJC_LITERAL_CONVERSION = YES;
				CLANG_WARN_OBJC_ROOT_CLASS = YES_ERROR;
				CLANG_WARN_RANGE_LOOP_ANALYSIS = YES;
				CLANG_WARN_STRICT_PROTOTYPES = YES;
				CLANG_WARN_SUSPICIOUS_MOVE = YES;
				CLANG_WARN_UNGUARDED_AVAILABILITY = YES_AGGRESSIVE;
				CLANG_WARN_UNREACHABLE_CODE = YES;
				CLANG_WARN__DUPLICATE_METHOD_MATCH = YES;
				CODE_SIGN_IDENTITY = "iPhone Developer";
				COPY_PHASE_STRIP = NO;
				DEBUG_INFORMATION_FORMAT = "dwarf-with-dsym";
				ENABLE_NS_ASSERTIONS = NO;
				ENABLE_STRICT_OBJC_MSGSEND = YES;
				GCC_C_LANGUAGE_STANDARD = gnu11;
				GCC_NO_COMMON_BLOCKS = YES;
				GCC_WARN_64_TO_32_BIT_CONVERSION = YES;
				GCC_WARN_ABOUT_RETURN_TYPE = YES_ERROR;
				GCC_WARN_UNDECLARED_SELECTOR = YES;
				GCC_WARN_UNINITIALIZED_AUTOS = YES_AGGRESSIVE;
				GCC_WARN_UNUSED_FUNCTION = YES;
				GCC_WARN_UNUSED_VARIABLE = YES;
				IPHONEOS_DEPLOYMENT_TARGET = 12.2;
				MTL_ENABLE_DEBUG_INFO = NO;
				MTL_FAST_MATH = YES;
				SDKROOT = iphoneos;
				SWIFT_COMPILATION_MODE = wholemodule;
				SWIFT_OPTIMIZATION_LEVEL = "-O";
				VALIDATE_PRODUCT = YES;
			};
			name = Release;
		};
		B552D6852272470E00FE22B7 /* Debug */ = {
			isa = XCBuildConfiguration;
			buildSettings = {
				ASSETCATALOG_COMPILER_APPICON_NAME = AppIcon;
				CODE_SIGN_STYLE = Automatic;
				DEVELOPMENT_TEAM = FZZ457X95J;
				INFOPLIST_FILE = MagicPaper/Info.plist;
				LD_RUNPATH_SEARCH_PATHS = (
					"$(inherited)",
					"@executable_path/Frameworks",
				);
				PRODUCT_BUNDLE_IDENTIFIER = com.grahovsky.MagicPaper;
				PRODUCT_NAME = "$(TARGET_NAME)";
				SWIFT_VERSION = 5.0;
				TARGETED_DEVICE_FAMILY = "1,2";
			};
			name = Debug;
		};
		B552D6862272470E00FE22B7 /* Release */ = {
			isa = XCBuildConfiguration;
			buildSettings = {
				ASSETCATALOG_COMPILER_APPICON_NAME = AppIcon;
				CODE_SIGN_STYLE = Automatic;
				DEVELOPMENT_TEAM = FZZ457X95J;
				INFOPLIST_FILE = MagicPaper/Info.plist;
				LD_RUNPATH_SEARCH_PATHS = (
					"$(inherited)",
					"@executable_path/Frameworks",
				);
				PRODUCT_BUNDLE_IDENTIFIER = com.grahovsky.MagicPaper;
				PRODUCT_NAME = "$(TARGET_NAME)";
				SWIFT_VERSION = 5.0;
				TARGETED_DEVICE_FAMILY = "1,2";
			};
			name = Release;
		};
/* End XCBuildConfiguration section */

/* Begin XCConfigurationList section */
		B552D66B2272470A00FE22B7 /* Build configuration list for PBXProject "MagicPaper" */ = {
			isa = XCConfigurationList;
			buildConfigurations = (
				B552D6822272470E00FE22B7 /* Debug */,
				B552D6832272470E00FE22B7 /* Release */,
			);
			defaultConfigurationIsVisible = 0;
			defaultConfigurationName = Release;
		};
		B552D6842272470E00FE22B7 /* Build configuration list for PBXNativeTarget "MagicPaper" */ = {
			isa = XCConfigurationList;
			buildConfigurations = (
				B552D6852272470E00FE22B7 /* Debug */,
				B552D6862272470E00FE22B7 /* Release */,
			);
			defaultConfigurationIsVisible = 0;
			defaultConfigurationName = Release;
		};
/* End XCConfigurationList section */
	};
	rootObject = B552D6682272470A00FE22B7 /* Project object */;
}
